
Microsoft Visual Studio Solution File, Format Version 12.00
# Visual Studio Version 16
VisualStudioVersion = 16.0.29613.14
MinimumVisualStudioVersion = 10.0.40219.1
Project("{FAE04EC0-301F-11D3-BF4B-00C04F79EFBC}") = "BookApiProject", "BookApiProject\BookApiProject.csproj", "{F6132FF7-2A22-4430-BDC0-AA1B4B367E72}"
EndProject
Global
	GlobalSection(SolutionConfigurationPlatforms) = preSolution
		Debug|Any CPU = Debug|Any CPU
		Release|Any CPU = Release|Any CPU
	EndGlobalSection
	GlobalSection(ProjectConfigurationPlatforms) = postSolution
		{F6132FF7-2A22-4430-BDC0-AA1B4B367E72}.Debug|Any CPU.ActiveCfg = Debug|Any CPU
		{F6132FF7-2A22-4430-BDC0-AA1B4B367E72}.Debug|Any CPU.Build.0 = Debug|Any CPU
		{F6132FF7-2A22-4430-BDC0-AA1B4B367E72}.Release|Any CPU.ActiveCfg = Release|Any CPU
		{F6132FF7-2A22-4430-BDC0-AA1B4B367E72}.Release|Any CPU.Build.0 = Release|Any CPU
	EndGlobalSection
	GlobalSection(SolutionProperties) = preSolution
		HideSolutionNode = FALSE
	EndGlobalSection
	GlobalSection(ExtensibilityGlobals) = postSolution
		SolutionGuid = {8942084A-F697-451C-AE30-097E3642981D}
	EndGlobalSection
EndGlobal
